// !$*UTF8*$!
{
	archiveVersion = 1;
	classes = {
	};
	objectVersion = 46;
	objects = {

/* Begin PBXBuildFile section */
		CA5EB8211F44162E00984546 /* UIColor+Wex.m in Sources */ = {isa = PBXBuildFile; fileRef = CA5EB8201F44162E00984546 /* UIColor+Wex.m */; };
		CA5EB8241F441B2300984546 /* cell-state-normal@3x.png in Resources */ = {isa = PBXBuildFile; fileRef = CA5EB8221F441B2300984546 /* cell-state-normal@3x.png */; };
		CA5EB8251F441B2300984546 /* cell-state-selected@3x.png in Resources */ = {isa = PBXBuildFile; fileRef = CA5EB8231F441B2300984546 /* cell-state-selected@3x.png */; };
		CA6FDC941F42F4C3000FAEC2 /* main.m in Sources */ = {isa = PBXBuildFile; fileRef = CA6FDC931F42F4C3000FAEC2 /* main.m */; };
		CA6FDC971F42F4C3000FAEC2 /* AppDelegate.m in Sources */ = {isa = PBXBuildFile; fileRef = CA6FDC961F42F4C3000FAEC2 /* AppDelegate.m */; };
		CA6FDC9A1F42F4C3000FAEC2 /* ViewController.m in Sources */ = {isa = PBXBuildFile; fileRef = CA6FDC991F42F4C3000FAEC2 /* ViewController.m */; };
		CA6FDC9D1F42F4C4000FAEC2 /* Main.storyboard in Resources */ = {isa = PBXBuildFile; fileRef = CA6FDC9B1F42F4C4000FAEC2 /* Main.storyboard */; };
		CA6FDC9F1F42F4C4000FAEC2 /* Assets.xcassets in Resources */ = {isa = PBXBuildFile; fileRef = CA6FDC9E1F42F4C4000FAEC2 /* Assets.xcassets */; };
		CA6FDCA21F42F4C4000FAEC2 /* LaunchScreen.storyboard in Resources */ = {isa = PBXBuildFile; fileRef = CA6FDCA01F42F4C4000FAEC2 /* LaunchScreen.storyboard */; };
		CA6FDCAC1F42F5AC000FAEC2 /* WexSingleChooseView.m in Sources */ = {isa = PBXBuildFile; fileRef = CA6FDCAB1F42F5AC000FAEC2 /* WexSingleChooseView.m */; };
		CA6FDCB01F42F93A000FAEC2 /* UIView+Wex.m in Sources */ = {isa = PBXBuildFile; fileRef = CA6FDCAF1F42F93A000FAEC2 /* UIView+Wex.m */; };
/* End PBXBuildFile section */

/* Begin PBXFileReference section */
		CA5EB81F1F44162E00984546 /* UIColor+Wex.h */ = {isa = PBXFileReference; fileEncoding = 4; lastKnownFileType = sourcecode.c.h; path = "UIColor+Wex.h"; sourceTree = "<group>"; };
		CA5EB8201F44162E00984546 /* UIColor+Wex.m */ = {isa = PBXFileReference; fileEncoding = 4; lastKnownFileType = sourcecode.c.objc; path = "UIColor+Wex.m"; sourceTree = "<group>"; };
		CA5EB8221F441B2300984546 /* cell-state-normal@3x.png */ = {isa = PBXFileReference; lastKnownFileType = image.png; path = "cell-state-normal@3x.png"; sourceTree = "<group>"; };
		CA5EB8231F441B2300984546 /* cell-state-selected@3x.png */ = {isa = PBXFileReference; lastKnownFileType = image.png; path = "cell-state-selected@3x.png"; sourceTree = "<group>"; };
		CA6FDC8F1F42F4C3000FAEC2 /* WexSingleChooseView.app */ = {isa = PBXFileReference; explicitFileType = wrapper.application; includeInIndex = 0; path = WexSingleChooseView.app; sourceTree = BUILT_PRODUCTS_DIR; };
		CA6FDC931F42F4C3000FAEC2 /* main.m */ = {isa = PBXFileReference; lastKnownFileType = sourcecode.c.objc; path = main.m; sourceTree = "<group>"; };
		CA6FDC951F42F4C3000FAEC2 /* AppDelegate.h */ = {isa = PBXFileReference; lastKnownFileType = sourcecode.c.h; path = AppDelegate.h; sourceTree = "<group>"; };
		CA6FDC961F42F4C3000FAEC2 /* AppDelegate.m */ = {isa = PBXFileReference; lastKnownFileType = sourcecode.c.objc; path = AppDelegate.m; sourceTree = "<group>"; };
		CA6FDC981F42F4C3000FAEC2 /* ViewController.h */ = {isa = PBXFileReference; lastKnownFileType = sourcecode.c.h; path = ViewController.h; sourceTree = "<group>"; };
		CA6FDC991F42F4C3000FAEC2 /* ViewController.m */ = {isa = PBXFileReference; lastKnownFileType = sourcecode.c.objc; path = ViewController.m; sourceTree = "<group>"; };
		CA6FDC9C1F42F4C4000FAEC2 /* Base */ = {isa = PBXFileReference; lastKnownFileType = file.storyboard; name = Base; path = Base.lproj/Main.storyboard; sourceTree = "<group>"; };
		CA6FDC9E1F42F4C4000FAEC2 /* Assets.xcassets */ = {isa = PBXFileReference; lastKnownFileType = folder.assetcatalog; path = Assets.xcassets; sourceTree = "<group>"; };
		CA6FDCA11F42F4C4000FAEC2 /* Base */ = {isa = PBXFileReference; lastKnownFileType = file.storyboard; name = Base; path = Base.lproj/LaunchScreen.storyboard; sourceTree = "<group>"; };
		CA6FDCA31F42F4C4000FAEC2 /* Info.plist */ = {isa = PBXFileReference; lastKnownFileType = text.plist.xml; path = Info.plist; sourceTree = "<group>"; };
		CA6FDCAA1F42F5AC000FAEC2 /* WexSingleChooseView.h */ = {isa = PBXFileReference; fileEncoding = 4; lastKnownFileType = sourcecode.c.h; path = WexSingleChooseView.h; sourceTree = "<group>"; };
		CA6FDCAB1F42F5AC000FAEC2 /* WexSingleChooseView.m */ = {isa = PBXFileReference; fileEncoding = 4; lastKnownFileType = sourcecode.c.objc; path = WexSingleChooseView.m; sourceTree = "<group>"; };
		CA6FDCAD1F42F785000FAEC2 /* WexSingleChooseViewMacro.h */ = {isa = PBXFileReference; lastKnownFileType = sourcecode.c.h; path = WexSingleChooseViewMacro.h; sourceTree = "<group>"; };
		CA6FDCAE1F42F93A000FAEC2 /* UIView+Wex.h */ = {isa = PBXFileReference; fileEncoding = 4; lastKnownFileType = sourcecode.c.h; path = "UIView+Wex.h"; sourceTree = "<group>"; };
		CA6FDCAF1F42F93A000FAEC2 /* UIView+Wex.m */ = {isa = PBXFileReference; fileEncoding = 4; lastKnownFileType = sourcecode.c.objc; path = "UIView+Wex.m"; sourceTree = "<group>"; };
/* End PBXFileReference section */

/* Begin PBXFrameworksBuildPhase section */
		CA6FDC8C1F42F4C3000FAEC2 /* Frameworks */ = {
			isa = PBXFrameworksBuildPhase;
			buildActionMask = 2147483647;
			files = (
			);
			runOnlyForDeploymentPostprocessing = 0;
		};
/* End PBXFrameworksBuildPhase section */

/* Begin PBXGroup section */
		CA6FDC861F42F4C3000FAEC2 = {
			isa = PBXGroup;
			children = (
				CA6FDC911F42F4C3000FAEC2 /* WexSingleChooseView */,
				CA6FDC901F42F4C3000FAEC2 /* Products */,
			);
			sourceTree = "<group>";
		};
		CA6FDC901F42F4C3000FAEC2 /* Products */ = {
			isa = PBXGroup;
			children = (
				CA6FDC8F1F42F4C3000FAEC2 /* WexSingleChooseView.app */,
			);
			name = Products;
			sourceTree = "<group>";
		};
		CA6FDC911F42F4C3000FAEC2 /* WexSingleChooseView */ = {
			isa = PBXGroup;
			children = (
				CA6FDCA91F42F537000FAEC2 /* WexSingleChooseView */,
				CA6FDC951F42F4C3000FAEC2 /* AppDelegate.h */,
				CA6FDC961F42F4C3000FAEC2 /* AppDelegate.m */,
				CA6FDC981F42F4C3000FAEC2 /* ViewController.h */,
				CA6FDC991F42F4C3000FAEC2 /* ViewController.m */,
				CA6FDC9B1F42F4C4000FAEC2 /* Main.storyboard */,
				CA6FDC9E1F42F4C4000FAEC2 /* Assets.xcassets */,
				CA6FDCA01F42F4C4000FAEC2 /* LaunchScreen.storyboard */,
				CA6FDCA31F42F4C4000FAEC2 /* Info.plist */,
				CA6FDC921F42F4C3000FAEC2 /* Supporting Files */,
			);
			path = WexSingleChooseView;
			sourceTree = "<group>";
		};
		CA6FDC921F42F4C3000FAEC2 /* Supporting Files */ = {
			isa = PBXGroup;
			children = (
				CA6FDC931F42F4C3000FAEC2 /* main.m */,
			);
			name = "Supporting Files";
			sourceTree = "<group>";
		};
		CA6FDCA91F42F537000FAEC2 /* WexSingleChooseView */ = {
			isa = PBXGroup;
			children = (
				CA5EB8221F441B2300984546 /* cell-state-normal@3x.png */,
				CA5EB8231F441B2300984546 /* cell-state-selected@3x.png */,
				CA6FDCAA1F42F5AC000FAEC2 /* WexSingleChooseView.h */,
				CA6FDCAB1F42F5AC000FAEC2 /* WexSingleChooseView.m */,
				CA6FDCAD1F42F785000FAEC2 /* WexSingleChooseViewMacro.h */,
				CA6FDCAE1F42F93A000FAEC2 /* UIView+Wex.h */,
				CA6FDCAF1F42F93A000FAEC2 /* UIView+Wex.m */,
				CA5EB81F1F44162E00984546 /* UIColor+Wex.h */,
				CA5EB8201F44162E00984546 /* UIColor+Wex.m */,
			);
			path = WexSingleChooseView;
			sourceTree = "<group>";
		};
/* End PBXGroup section */

/* Begin PBXNativeTarget section */
		CA6FDC8E1F42F4C3000FAEC2 /* WexSingleChooseView */ = {
			isa = PBXNativeTarget;
			buildConfigurationList = CA6FDCA61F42F4C4000FAEC2 /* Build configuration list for PBXNativeTarget "WexSingleChooseView" */;
			buildPhases = (
				CA6FDC8B1F42F4C3000FAEC2 /* Sources */,
				CA6FDC8C1F42F4C3000FAEC2 /* Frameworks */,
				CA6FDC8D1F42F4C3000FAEC2 /* Resources */,
			);
			buildRules = (
			);
			dependencies = (
			);
			name = WexSingleChooseView;
			productName = WexSingleChooseView;
			productReference = CA6FDC8F1F42F4C3000FAEC2 /* WexSingleChooseView.app */;
			productType = "com.apple.product-type.application";
		};
/* End PBXNativeTarget section */

/* Begin PBXProject section */
		CA6FDC871F42F4C3000FAEC2 /* Project object */ = {
			isa = PBXProject;
			attributes = {
				LastUpgradeCheck = 0820;
				ORGANIZATIONNAME = wex;
				TargetAttributes = {
					CA6FDC8E1F42F4C3000FAEC2 = {
						CreatedOnToolsVersion = 8.2.1;
						ProvisioningStyle = Automatic;
					};
				};
			};
			buildConfigurationList = CA6FDC8A1F42F4C3000FAEC2 /* Build configuration list for PBXProject "WexSingleChooseView" */;
			compatibilityVersion = "Xcode 3.2";
			developmentRegion = English;
			hasScannedForEncodings = 0;
			knownRegions = (
				en,
				Base,
			);
			mainGroup = CA6FDC861F42F4C3000FAEC2;
			productRefGroup = CA6FDC901F42F4C3000FAEC2 /* Products */;
			projectDirPath = "";
			projectRoot = "";
			targets = (
				CA6FDC8E1F42F4C3000FAEC2 /* WexSingleChooseView */,
			);
		};
/* End PBXProject section */

/* Begin PBXResourcesBuildPhase section */
		CA6FDC8D1F42F4C3000FAEC2 /* Resources */ = {
			isa = PBXResourcesBuildPhase;
			buildActionMask = 2147483647;
			files = (
				CA6FDCA21F42F4C4000FAEC2 /* LaunchScreen.storyboard in Resources */,
				CA6FDC9F1F42F4C4000FAEC2 /* Assets.xcassets in Resources */,
				CA5EB8241F441B2300984546 /* cell-state-normal@3x.png in Resources */,
				CA5EB8251F441B2300984546 /* cell-state-selected@3x.png in Resources */,
				CA6FDC9D1F42F4C4000FAEC2 /* Main.storyboard in Resources */,
			);
			runOnlyForDeploymentPostprocessing = 0;
		};
/* End PBXResourcesBuildPhase section */

/* Begin PBXSourcesBuildPhase section */
		CA6FDC8B1F42F4C3000FAEC2 /* Sources */ = {
			isa = PBXSourcesBuildPhase;
			buildActionMask = 2147483647;
			files = (
				CA6FDC9A1F42F4C3000FAEC2 /* ViewController.m in Sources */,
				CA6FDC971F42F4C3000FAEC2 /* AppDelegate.m in Sources */,
				CA6FDCAC1F42F5AC000FAEC2 /* WexSingleChooseView.m in Sources */,
				CA5EB8211F44162E00984546 /* UIColor+Wex.m in Sources */,
				CA6FDC941F42F4C3000FAEC2 /* main.m in Sources */,
				CA6FDCB01F42F93A000FAEC2 /* UIView+Wex.m in Sources */,
			);
			runOnlyForDeploymentPostprocessing = 0;
		};
/* End PBXSourcesBuildPhase section */

/* Begin PBXVariantGroup section */
		CA6FDC9B1F42F4C4000FAEC2 /* Main.storyboard */ = {
			isa = PBXVariantGroup;
			children = (
				CA6FDC9C1F42F4C4000FAEC2 /* Base */,
			);
			name = Main.storyboard;
			sourceTree = "<group>";
		};
		CA6FDCA01F42F4C4000FAEC2 /* LaunchScreen.storyboard */ = {
			isa = PBXVariantGroup;
			children = (
				CA6FDCA11F42F4C4000FAEC2 /* Base */,
			);
			name = LaunchScreen.storyboard;
			sourceTree = "<group>";
		};
/* End PBXVariantGroup section */

/* Begin XCBuildConfiguration section */
		CA6FDCA41F42F4C4000FAEC2 /* Debug */ = {
			isa = XCBuildConfiguration;
			buildSettings = {
				ALWAYS_SEARCH_USER_PATHS = NO;
				CLANG_ANALYZER_NONNULL = YES;
				CLANG_CXX_LANGUAGE_STANDARD = "gnu++0x";
				CLANG_CXX_LIBRARY = "libc++";
				CLANG_ENABLE_MODULES = YES;
				CLANG_ENABLE_OBJC_ARC = YES;
				CLANG_WARN_BOOL_CONVERSION = YES;
				CLANG_WARN_CONSTANT_CONVERSION = YES;
				CLANG_WARN_DIRECT_OBJC_ISA_USAGE = YES_ERROR;
				CLANG_WARN_DOCUMENTATION_COMMENTS = YES;
				CLANG_WARN_EMPTY_BODY = YES;
				CLANG_WARN_ENUM_CONVERSION = YES;
				CLANG_WARN_INFINITE_RECURSION = YES;
				CLANG_WARN_INT_CONVERSION = YES;
				CLANG_WARN_OBJC_ROOT_CLASS = YES_ERROR;
				CLANG_WARN_SUSPICIOUS_MOVE = YES;
				CLANG_WARN_UNREACHABLE_CODE = YES;
				CLANG_WARN__DUPLICATE_METHOD_MATCH = YES;
				"CODE_SIGN_IDENTITY[sdk=iphoneos*]" = "iPhone Developer";
				COPY_PHASE_STRIP = NO;
				DEBUG_INFORMATION_FORMAT = dwarf;
				ENABLE_STRICT_OBJC_MSGSEND = YES;
				ENABLE_TESTABILITY = YES;
				GCC_C_LANGUAGE_STANDARD = gnu99;
				GCC_DYNAMIC_NO_PIC = NO;
				GCC_NO_COMMON_BLOCKS = YES;
				GCC_OPTIMIZATION_LEVEL = 0;
				GCC_PREPROCESSOR_DEFINITIONS = (
					"DEBUG=1",
					"$(inherited)",
				);
				GCC_WARN_64_TO_32_BIT_CONVERSION = YES;
				GCC_WARN_ABOUT_RETURN_TYPE = YES_ERROR;
				GCC_WARN_UNDECLARED_SELECTOR = YES;
				GCC_WARN_UNINITIALIZED_AUTOS = YES_AGGRESSIVE;
				GCC_WARN_UNUSED_FUNCTION = YES;
				GCC_WARN_UNUSED_VARIABLE = YES;
				IPHONEOS_DEPLOYMENT_TARGET = 10.2;
				MTL_ENABLE_DEBUG_INFO = YES;
				ONLY_ACTIVE_ARCH = YES;
				SDKROOT = iphoneos;
				TARGETED_DEVICE_FAMILY = "1,2";
			};
			name = Debug;
		};
		CA6FDCA51F42F4C4000FAEC2 /* Release */ = {
			isa = XCBuildConfiguration;
			buildSettings = {
				ALWAYS_SEARCH_USER_PATHS = NO;
				CLANG_ANALYZER_NONNULL = YES;
				CLANG_CXX_LANGUAGE_STANDARD = "gnu++0x";
				CLANG_CXX_LIBRARY = "libc++";
				CLANG_ENABLE_MODULES = YES;
				CLANG_ENABLE_OBJC_ARC = YES;
				CLANG_WARN_BOOL_CONVERSION = YES;
				CLANG_WARN_CONSTANT_CONVERSION = YES;
				CLANG_WARN_DIRECT_OBJC_ISA_USAGE = YES_ERROR;
				CLANG_WARN_DOCUMENTATION_COMMENTS = YES;
				CLANG_WARN_EMPTY_BODY = YES;
				CLANG_WARN_ENUM_CONVERSION = YES;
				CLANG_WARN_INFINITE_RECURSION = YES;
				CLANG_WARN_INT_CONVERSION = YES;
				CLANG_WARN_OBJC_ROOT_CLASS = YES_ERROR;
				CLANG_WARN_SUSPICIOUS_MOVE = YES;
				CLANG_WARN_UNREACHABLE_CODE = YES;
				CLANG_WARN__DUPLICATE_METHOD_MATCH = YES;
				"CODE_SIGN_IDENTITY[sdk=iphoneos*]" = "iPhone Developer";
				COPY_PHASE_STRIP = NO;
				DEBUG_INFORMATION_FORMAT = "dwarf-with-dsym";
				ENABLE_NS_ASSERTIONS = NO;
				ENABLE_STRICT_OBJC_MSGSEND = YES;
				GCC_C_LANGUAGE_STANDARD = gnu99;
				GCC_NO_COMMON_BLOCKS = YES;
				GCC_WARN_64_TO_32_BIT_CONVERSION = YES;
				GCC_WARN_ABOUT_RETURN_TYPE = YES_ERROR;
				GCC_WARN_UNDECLARED_SELECTOR = YES;
				GCC_WARN_UNINITIALIZED_AUTOS = YES_AGGRESSIVE;
				GCC_WARN_UNUSED_FUNCTION = YES;
				GCC_WARN_UNUSED_VARIABLE = YES;
				IPHONEOS_DEPLOYMENT_TARGET = 10.2;
				MTL_ENABLE_DEBUG_INFO = NO;
				SDKROOT = iphoneos;
				TARGETED_DEVICE_FAMILY = "1,2";
				VALIDATE_PRODUCT = YES;
			};
			name = Release;
		};
		CA6FDCA71F42F4C4000FAEC2 /* Debug */ = {
			isa = XCBuildConfiguration;
			buildSettings = {
				ASSETCATALOG_COMPILER_APPICON_NAME = AppIcon;
				INFOPLIST_FILE = WexSingleChooseView/Info.plist;
				LD_RUNPATH_SEARCH_PATHS = "$(inherited) @executable_path/Frameworks";
				PRODUCT_BUNDLE_IDENTIFIER = WeXDemo.WexSingleChooseView;
				PRODUCT_NAME = "$(TARGET_NAME)";
			};
			name = Debug;
		};
		CA6FDCA81F42F4C4000FAEC2 /* Release */ = {
			isa = XCBuildConfiguration;
			buildSettings = {
				ASSETCATALOG_COMPILER_APPICON_NAME = AppIcon;
				INFOPLIST_FILE = WexSingleChooseView/Info.plist;
				LD_RUNPATH_SEARCH_PATHS = "$(inherited) @executable_path/Frameworks";
				PRODUCT_BUNDLE_IDENTIFIER = WeXDemo.WexSingleChooseView;
				PRODUCT_NAME = "$(TARGET_NAME)";
			};
			name = Release;
		};
/* End XCBuildConfiguration section */

/* Begin XCConfigurationList section */
		CA6FDC8A1F42F4C3000FAEC2 /* Build configuration list for PBXProject "WexSingleChooseView" */ = {
			isa = XCConfigurationList;
			buildConfigurations = (
				CA6FDCA41F42F4C4000FAEC2 /* Debug */,
				CA6FDCA51F42F4C4000FAEC2 /* Release */,
			);
			defaultConfigurationIsVisible = 0;
			defaultConfigurationName = Release;
		};
		CA6FDCA61F42F4C4000FAEC2 /* Build configuration list for PBXNativeTarget "WexSingleChooseView" */ = {
			isa = XCConfigurationList;
			buildConfigurations = (
				CA6FDCA71F42F4C4000FAEC2 /* Debug */,
				CA6FDCA81F42F4C4000FAEC2 /* Release */,
			);
			defaultConfigurationIsVisible = 0;
			defaultConfigurationName = Release;
		};
/* End XCConfigurationList section */
	};
	rootObject = CA6FDC871F42F4C3000FAEC2 /* Project object */;
}
